
Microsoft Visual Studio Solution File, Format Version 12.00
# Visual Studio Version 17
VisualStudioVersion = 17.2.32516.85
MinimumVisualStudioVersion = 10.0.40219.1
Project("{8BC9CEB8-8B4A-11D0-8D11-00A0C91BC942}") = "BaseEngineSource", "BaseEngineSource\BaseEngineSource.vcxproj", "{B51B3E80-509D-4C7E-B6BB-B7B05B389B6D}"
EndProject
Project("{8BC9CEB8-8B4A-11D0-8D11-00A0C91BC942}") = "BaseEngineShader", "BaseEngineShader\BaseEngineShader.vcxproj", "{3661DCED-F276-4C88-9353-D4B1A50E0002}"
	ProjectSection(ProjectDependencies) = postProject
		{B51B3E80-509D-4C7E-B6BB-B7B05B389B6D} = {B51B3E80-509D-4C7E-B6BB-B7B05B389B6D}
	EndProjectSection
EndProject
Global
	GlobalSection(SolutionConfigurationPlatforms) = preSolution
		Debug|x64 = Debug|x64
		Debug|x86 = Debug|x86
		LibDebug|x64 = LibDebug|x64
		LibDebug|x86 = LibDebug|x86
		LibRelease|x64 = LibRelease|x64
		LibRelease|x86 = LibRelease|x86
		Release|x64 = Release|x64
		Release|x86 = Release|x86
	EndGlobalSection
	GlobalSection(ProjectConfigurationPlatforms) = postSolution
		{B51B3E80-509D-4C7E-B6BB-B7B05B389B6D}.Debug|x64.ActiveCfg = Debug|x64
		{B51B3E80-509D-4C7E-B6BB-B7B05B389B6D}.Debug|x64.Build.0 = Debug|x64
		{B51B3E80-509D-4C7E-B6BB-B7B05B389B6D}.Debug|x86.ActiveCfg = Debug|Win32
		{B51B3E80-509D-4C7E-B6BB-B7B05B389B6D}.Debug|x86.Build.0 = Debug|Win32
		{B51B3E80-509D-4C7E-B6BB-B7B05B389B6D}.LibDebug|x64.ActiveCfg = DebugLib|x64
		{B51B3E80-509D-4C7E-B6BB-B7B05B389B6D}.LibDebug|x64.Build.0 = DebugLib|x64
		{B51B3E80-509D-4C7E-B6BB-B7B05B389B6D}.LibDebug|x86.ActiveCfg = DebugLib|Win32
		{B51B3E80-509D-4C7E-B6BB-B7B05B389B6D}.LibDebug|x86.Build.0 = DebugLib|Win32
		{B51B3E80-509D-4C7E-B6BB-B7B05B389B6D}.LibRelease|x64.ActiveCfg = ReleaseLib|x64
		{B51B3E80-509D-4C7E-B6BB-B7B05B389B6D}.LibRelease|x64.Build.0 = ReleaseLib|x64
		{B51B3E80-509D-4C7E-B6BB-B7B05B389B6D}.LibRelease|x86.ActiveCfg = ReleaseLib|Win32
		{B51B3E80-509D-4C7E-B6BB-B7B05B389B6D}.LibRelease|x86.Build.0 = ReleaseLib|Win32
		{B51B3E80-509D-4C7E-B6BB-B7B05B389B6D}.Release|x64.ActiveCfg = Release|x64
		{B51B3E80-509D-4C7E-B6BB-B7B05B389B6D}.Release|x64.Build.0 = Release|x64
		{B51B3E80-509D-4C7E-B6BB-B7B05B389B6D}.Release|x86.ActiveCfg = Release|Win32
		{B51B3E80-509D-4C7E-B6BB-B7B05B389B6D}.Release|x86.Build.0 = Release|Win32
		{3661DCED-F276-4C88-9353-D4B1A50E0002}.Debug|x64.ActiveCfg = Debug|x64
		{3661DCED-F276-4C88-9353-D4B1A50E0002}.Debug|x64.Build.0 = Debug|x64
		{3661DCED-F276-4C88-9353-D4B1A50E0002}.Debug|x86.ActiveCfg = Debug|Win32
		{3661DCED-F276-4C88-9353-D4B1A50E0002}.Debug|x86.Build.0 = Debug|Win32
		{3661DCED-F276-4C88-9353-D4B1A50E0002}.LibDebug|x64.ActiveCfg = Debug|x64
		{3661DCED-F276-4C88-9353-D4B1A50E0002}.LibDebug|x64.Build.0 = Debug|x64
		{3661DCED-F276-4C88-9353-D4B1A50E0002}.LibDebug|x86.ActiveCfg = Debug|Win32
		{3661DCED-F276-4C88-9353-D4B1A50E0002}.LibDebug|x86.Build.0 = Debug|Win32
		{3661DCED-F276-4C88-9353-D4B1A50E0002}.LibRelease|x64.ActiveCfg = Release|x64
		{3661DCED-F276-4C88-9353-D4B1A50E0002}.LibRelease|x64.Build.0 = Release|x64
		{3661DCED-F276-4C88-9353-D4B1A50E0002}.LibRelease|x86.ActiveCfg = Release|Win32
		{3661DCED-F276-4C88-9353-D4B1A50E0002}.LibRelease|x86.Build.0 = Release|Win32
		{3661DCED-F276-4C88-9353-D4B1A50E0002}.Release|x64.ActiveCfg = Release|x64
		{3661DCED-F276-4C88-9353-D4B1A50E0002}.Release|x64.Build.0 = Release|x64
		{3661DCED-F276-4C88-9353-D4B1A50E0002}.Release|x86.ActiveCfg = Release|Win32
		{3661DCED-F276-4C88-9353-D4B1A50E0002}.Release|x86.Build.0 = Release|Win32
	EndGlobalSection
	GlobalSection(SolutionProperties) = preSolution
		HideSolutionNode = FALSE
	EndGlobalSection
	GlobalSection(ExtensibilityGlobals) = postSolution
		SolutionGuid = {99F6942C-0F1D-4FE4-9C3E-2DC2EB206F31}
	EndGlobalSection
EndGlobal
