<?xml version="1.0" encoding="utf-8"?>
<Project ToolsVersion="4.0" xmlns="http://schemas.microsoft.com/developer/msbuild/2003">
  <ItemGroup>
    <Filter Include="Source Files">
      <UniqueIdentifier>{4FC737F1-C7A5-4376-A066-2A32D752A2FF}</UniqueIdentifier>
      <Extensions>cpp;c;cc;cxx;def;odl;idl;hpj;bat;asm;asmx</Extensions>
    </Filter>
    <Filter Include="Header Files">
      <UniqueIdentifier>{93995380-89BD-4b04-88EB-625FBE52EBFB}</UniqueIdentifier>
      <Extensions>h;hh;hpp;hxx;hm;inl;inc;ipp;xsd</Extensions>
    </Filter>
    <Filter Include="Resource Files">
      <UniqueIdentifier>{67DA6AB6-F800-4c08-8B7A-83BB121AAD01}</UniqueIdentifier>
      <Extensions>rc;ico;cur;bmp;dlg;rc2;rct;bin;rgs;gif;jpg;jpeg;jpe;resx;tiff;tif;png;wav;mfcribbon-ms</Extensions>
    </Filter>
    <Filter Include="Source Files\Source">
      <UniqueIdentifier>{f66cc0d7-e66d-4ba8-8703-a0d9b281b7f7}</UniqueIdentifier>
    </Filter>
    <Filter Include="Header Files\Source">
      <UniqueIdentifier>{c238c4b0-2241-49c2-9e39-f2d90dc5780b}</UniqueIdentifier>
    </Filter>
    <Filter Include="Header Files\Source\Imgui">
      <UniqueIdentifier>{f396f59a-0f7b-4db0-b416-41b0e5cdb2cd}</UniqueIdentifier>
    </Filter>
    <Filter Include="Source Files\Source\Imgui">
      <UniqueIdentifier>{0ffc7d92-3763-422a-aa79-c2ec7b54e9b3}</UniqueIdentifier>
    </Filter>
    <Filter Include="Source Files\Source\Camera">
      <UniqueIdentifier>{e4560ee6-71a2-45cf-a33f-b0312dd514c5}</UniqueIdentifier>
    </Filter>
    <Filter Include="Header Files\Source\Camera">
      <UniqueIdentifier>{4fa370d9-cef1-42ad-a63f-0e9c91c1db8e}</UniqueIdentifier>
    </Filter>
    <Filter Include="Header Files\Source\Textures">
      <UniqueIdentifier>{bc174049-4976-4a32-a7dc-740005f132c2}</UniqueIdentifier>
    </Filter>
    <Filter Include="Source Files\Source\Textures">
      <UniqueIdentifier>{1f9fc0e9-cff6-4cf3-b5b7-5f8181656f32}</UniqueIdentifier>
    </Filter>
    <Filter Include="Header Files\Source\Objects">
      <UniqueIdentifier>{b01d85fe-c54a-4e6b-94cd-52234f8a6fe9}</UniqueIdentifier>
    </Filter>
    <Filter Include="Source Files\Source\Objects">
      <UniqueIdentifier>{efcc8eb2-16ce-4841-8194-d056553464f4}</UniqueIdentifier>
    </Filter>
    <Filter Include="Header Files\Source\Util">
      <UniqueIdentifier>{0a5222ad-cd26-4ed9-bda8-c3f24f6050e7}</UniqueIdentifier>
    </Filter>
    <Filter Include="Source Files\Source\Util">
      <UniqueIdentifier>{41c8e4bd-8db4-4299-8b9d-c11c41095c0e}</UniqueIdentifier>
    </Filter>
    <Filter Include="Source Files\Source\Physics">
      <UniqueIdentifier>{af728685-0cab-4ade-8675-61f6ad192e03}</UniqueIdentifier>
    </Filter>
    <Filter Include="Header Files\Source\Physics">
      <UniqueIdentifier>{bdf726c5-890d-41d8-8b91-1cfaedd73f8b}</UniqueIdentifier>
    </Filter>
    <Filter Include="Header Files\Source\Core">
      <UniqueIdentifier>{feaadc7f-5b42-458d-8e41-73f80b2787cc}</UniqueIdentifier>
    </Filter>
    <Filter Include="Header Files\Source\Shaders">
      <UniqueIdentifier>{f75a5c5c-5806-444d-b5e0-85be82c35ed7}</UniqueIdentifier>
    </Filter>
    <Filter Include="Source Files\Example">
      <UniqueIdentifier>{ec636f52-fc16-4c0f-9158-9101114ae78b}</UniqueIdentifier>
    </Filter>
    <Filter Include="Header Files\Example">
      <UniqueIdentifier>{a7175762-1c3f-41bd-8523-95559b1ca964}</UniqueIdentifier>
    </Filter>
    <Filter Include="Source Files\Source\Shaders">
      <UniqueIdentifier>{9a8c6bbb-52c7-447a-91c0-f52fb2d7667f}</UniqueIdentifier>
    </Filter>
    <Filter Include="Header Files\Source\Physics\Colliders">
      <UniqueIdentifier>{446edd88-18f7-4f9c-9619-c7e2f62abc06}</UniqueIdentifier>
    </Filter>
    <Filter Include="Source Files\Source\Physics\Colliders">
      <UniqueIdentifier>{cd2c5093-9c22-4192-9cdb-54635d6b48c2}</UniqueIdentifier>
    </Filter>
    <Filter Include="Header Files\Source\Components">
      <UniqueIdentifier>{3bd28ff2-2825-4189-94ef-ab0662cbd057}</UniqueIdentifier>
    </Filter>
    <Filter Include="Header Files\Source\Components\Base">
      <UniqueIdentifier>{4b15438a-9b1b-488e-92b0-4a485ea22f52}</UniqueIdentifier>
    </Filter>
    <Filter Include="Source Files\Source\Components">
      <UniqueIdentifier>{61f1e95e-c975-47b1-88cc-fb7157ac85d3}</UniqueIdentifier>
    </Filter>
    <Filter Include="Source Files\Source\Components\Base">
      <UniqueIdentifier>{a5e54ea7-4778-402d-b949-41fbeb37765e}</UniqueIdentifier>
    </Filter>
    <Filter Include="Header Files\Source\ECS">
      <UniqueIdentifier>{bb215108-74f2-4470-aa99-5619857d5b8a}</UniqueIdentifier>
    </Filter>
    <Filter Include="Source Files\Source\ECS">
      <UniqueIdentifier>{fdf144bf-3206-462e-a3d2-0e644a7f67dd}</UniqueIdentifier>
    </Filter>
    <Filter Include="Header Files\RapidJson">
      <UniqueIdentifier>{b9b91a6a-8fd8-4ae0-a2f7-8d243eb22c2d}</UniqueIdentifier>
    </Filter>
    <Filter Include="Source Files\RapidJson">
      <UniqueIdentifier>{f37b2dd8-1633-4453-abe7-8d5a6f387daa}</UniqueIdentifier>
    </Filter>
    <Filter Include="Source Files\Source\Core">
      <UniqueIdentifier>{3ed9177e-eef2-43b4-9857-260e5c10e7ea}</UniqueIdentifier>
    </Filter>
    <Filter Include="Header Files\Source\Util\Math">
      <UniqueIdentifier>{2e0961d1-71b2-421d-a0d2-79a131ef48a0}</UniqueIdentifier>
    </Filter>
    <Filter Include="Source Files\Source\Util\Math">
      <UniqueIdentifier>{6ec7e5c7-325b-475f-9e27-9be19f1fb226}</UniqueIdentifier>
    </Filter>
    <Filter Include="Header Files\Source\Util\Loaders">
      <UniqueIdentifier>{92147515-c9c9-4bb5-aec0-2d304a927fc0}</UniqueIdentifier>
    </Filter>
    <Filter Include="Source Files\Source\Util\FileSystem">
      <UniqueIdentifier>{5ddafc63-e5cd-4fed-8d11-e28673f9c90d}</UniqueIdentifier>
    </Filter>
    <Filter Include="Header Files\Source\Util\FileSystem">
      <UniqueIdentifier>{621fc700-6bdf-42af-8644-26e3afc57d48}</UniqueIdentifier>
    </Filter>
    <Filter Include="Source Files\Source\Util\Loaders">
      <UniqueIdentifier>{d5547836-4a2d-48a2-9c8e-d29d76e8d86a}</UniqueIdentifier>
    </Filter>
    <Filter Include="Source Files\Source\Rendering">
      <UniqueIdentifier>{9ccc0119-5a1f-4416-8312-e5227d6c0093}</UniqueIdentifier>
    </Filter>
    <Filter Include="Header Files\Source\Rendering">
      <UniqueIdentifier>{75aaf740-6cfe-4f89-85d0-31b853f8c6bb}</UniqueIdentifier>
    </Filter>
    <Filter Include="Header Files\Source\Components\Debug">
      <UniqueIdentifier>{31898d7a-b86c-4ea6-9125-963080bd8111}</UniqueIdentifier>
    </Filter>
    <Filter Include="Source Files\Source\Components\Debug">
      <UniqueIdentifier>{dd1d7625-7a3b-429c-b026-4dcbb48d9414}</UniqueIdentifier>
    </Filter>
    <Filter Include="Header Files\Source\Rendering\Passes">
      <UniqueIdentifier>{a30dc39b-40c9-471f-b20b-3adf9af36176}</UniqueIdentifier>
    </Filter>
    <Filter Include="Source Files\Source\Rendering\Passes">
      <UniqueIdentifier>{c20da61a-6529-4c61-a861-b0c4d2942205}</UniqueIdentifier>
    </Filter>
    <Filter Include="Source Files\Source\Core\Debugger">
      <UniqueIdentifier>{2e09cbfa-80bc-4ae6-b2db-0c8ac424b60a}</UniqueIdentifier>
    </Filter>
    <Filter Include="Header Files\Source\Core\Debugger">
      <UniqueIdentifier>{a86ec746-dc24-40d0-a93b-a03bbb22c294}</UniqueIdentifier>
    </Filter>
  </ItemGroup>
  <ItemGroup>
    <ClCompile Include="Source\imgui.cpp">
      <Filter>Source Files\Source\Imgui</Filter>
    </ClCompile>
    <ClCompile Include="Source\imgui_demo.cpp">
      <Filter>Source Files\Source\Imgui</Filter>
    </ClCompile>
    <ClCompile Include="Source\imgui_draw.cpp">
      <Filter>Source Files\Source\Imgui</Filter>
    </ClCompile>
    <ClCompile Include="Source\imgui_impl_glfw.cpp">
      <Filter>Source Files\Source\Imgui</Filter>
    </ClCompile>
    <ClCompile Include="Source\imgui_impl_opengl3.cpp">
      <Filter>Source Files\Source\Imgui</Filter>
    </ClCompile>
    <ClCompile Include="Source\imgui_stdlib.cpp">
      <Filter>Source Files\Source\Imgui</Filter>
    </ClCompile>
    <ClCompile Include="Source\imgui_widgets.cpp">
      <Filter>Source Files\Source\Imgui</Filter>
    </ClCompile>
    <ClCompile Include="Source\Cubemap.cpp">
      <Filter>Source Files\Source\Textures</Filter>
    </ClCompile>
    <ClCompile Include="Source\SkyBox.cpp">
      <Filter>Source Files\Source\Textures</Filter>
    </ClCompile>
    <ClCompile Include="Source\Sprite.cpp">
      <Filter>Source Files\Source\Textures</Filter>
    </ClCompile>
    <ClCompile Include="Source\glad.c">
      <Filter>Source Files\Source</Filter>
    </ClCompile>
    <ClCompile Include="Source\Input.cpp">
      <Filter>Source Files\Source</Filter>
    </ClCompile>
    <ClCompile Include="Source\TimeManager.cpp">
      <Filter>Source Files\Source</Filter>
    </ClCompile>
    <ClCompile Include="Source\Transform.cpp">
      <Filter>Source Files\Source</Filter>
    </ClCompile>
    <ClCompile Include="Source\Mesh.cpp">
      <Filter>Source Files\Source\Objects</Filter>
    </ClCompile>
    <ClCompile Include="Source\Camera.cpp">
      <Filter>Source Files\Source\Camera</Filter>
    </ClCompile>
    <ClCompile Include="Source\Gizmos.cpp">
      <Filter>Source Files\Source</Filter>
    </ClCompile>
    <ClCompile Include="Source\FlyCamera.cpp">
      <Filter>Source Files\Source\Camera</Filter>
    </ClCompile>
    <ClCompile Include="Source\Raycast.cpp">
      <Filter>Source Files\Source\Physics</Filter>
    </ClCompile>
    <ClCompile Include="Source\Logging.cpp">
      <Filter>Source Files\Source\Util</Filter>
    </ClCompile>
    <ClCompile Include="Source\TextureManager.cpp">
      <Filter>Source Files\Source\Textures</Filter>
    </ClCompile>
    <ClCompile Include="Source\BaseEngine.cpp">
      <Filter>Source Files\Source\Core</Filter>
    </ClCompile>
    <ClCompile Include="Main.cpp">
      <Filter>Source Files\Example</Filter>
    </ClCompile>
    <ClCompile Include="Application.cpp">
      <Filter>Source Files\Example</Filter>
    </ClCompile>
    <ClCompile Include="Source\Entity.cpp">
      <Filter>Source Files\Source\Objects</Filter>
    </ClCompile>
    <ClCompile Include="Source\Shader.cpp">
      <Filter>Source Files\Source\Shaders</Filter>
    </ClCompile>
    <ClCompile Include="Source\ShaderManager.cpp">
      <Filter>Source Files\Source\Shaders</Filter>
    </ClCompile>
    <ClCompile Include="Source\Material.cpp">
      <Filter>Source Files\Source\Shaders</Filter>
    </ClCompile>
    <ClCompile Include="Source\Uniform.cpp">
      <Filter>Source Files\Source\Shaders</Filter>
    </ClCompile>
    <ClCompile Include="Source\UniformBuffer.cpp">
      <Filter>Source Files\Source\Shaders</Filter>
    </ClCompile>
    <ClCompile Include="Source\PlaneCollider.cpp">
      <Filter>Source Files\Source\Physics\Colliders</Filter>
    </ClCompile>
    <ClCompile Include="ExampleComponent.cpp">
      <Filter>Source Files\Example</Filter>
    </ClCompile>
    <ClCompile Include="Source\IComponent.cpp">
      <Filter>Source Files\Source\Components\Base</Filter>
    </ClCompile>
    <ClCompile Include="Source\EntityManager.cpp">
      <Filter>Source Files\Source\ECS</Filter>
    </ClCompile>
    <ClCompile Include="Source\ComponentArray.cpp">
      <Filter>Source Files\Source\ECS</Filter>
    </ClCompile>
    <ClCompile Include="Source\Scene.cpp">
      <Filter>Source Files\Source</Filter>
    </ClCompile>
    <ClCompile Include="Source\EventSystem.cpp">
      <Filter>Source Files</Filter>
    </ClCompile>
    <ClCompile Include="Source\DebugMovement.cpp">
      <Filter>Source Files\Source\Components</Filter>
    </ClCompile>
    <ClCompile Include="ExampleRaycast.cpp">
      <Filter>Source Files\Example</Filter>
    </ClCompile>
    <ClCompile Include="Source\ICollider.cpp">
      <Filter>Source Files\Source\Components\Base</Filter>
    </ClCompile>
    <ClCompile Include="Source\Common.cpp">
      <Filter>Source Files</Filter>
    </ClCompile>
    <ClCompile Include="Source\Texture.cpp">
      <Filter>Source Files\Source\Textures</Filter>
    </ClCompile>
    <ClCompile Include="Source\Colour.cpp">
      <Filter>Source Files</Filter>
    </ClCompile>
    <ClCompile Include="Source\Light.cpp">
      <Filter>Source Files\Source\Components</Filter>
    </ClCompile>
    <ClCompile Include="source\ITexture.cpp">
      <Filter>Source Files\Source\Textures</Filter>
    </ClCompile>
    <ClCompile Include="source\BEGlobal.cpp">
      <Filter>Source Files\Source\Core</Filter>
    </ClCompile>
    <ClCompile Include="source\MeshLoader.cpp">
      <Filter>Source Files\Source\Util</Filter>
    </ClCompile>
    <ClCompile Include="source\BEMath.cpp">
      <Filter>Source Files\Source\Util\Math</Filter>
    </ClCompile>
    <ClCompile Include="Source\File.cpp">
      <Filter>Source Files\Source\Util\FileSystem</Filter>
    </ClCompile>
    <ClCompile Include="Source\OBJLoader.cpp">
      <Filter>Source Files\Source\Util\Loaders</Filter>
    </ClCompile>
    <ClCompile Include="Source\FLVERLoader.cpp">
      <Filter>Source Files\Source\Util\Loaders</Filter>
    </ClCompile>
    <ClCompile Include="Source\imgui_tables.cpp">
      <Filter>Source Files\Source\Imgui</Filter>
    </ClCompile>
    <ClCompile Include="Source\MeshRenderer.cpp">
      <Filter>Source Files\Source\Components</Filter>
    </ClCompile>
    <ClCompile Include="Source\Renderer.cpp">
      <Filter>Source Files\Source\Rendering</Filter>
    </ClCompile>
    <ClCompile Include="Source\Singleton.cpp">
      <Filter>Source Files\Source\Util</Filter>
    </ClCompile>
    <ClCompile Include="Source\RenderPass.cpp">
      <Filter>Source Files\Source\Rendering</Filter>
    </ClCompile>
    <ClCompile Include="Chunk.cpp">
      <Filter>Source Files\Example</Filter>
    </ClCompile>
    <ClCompile Include="source\MeshData.cpp">
      <Filter>Source Files\Source\Objects</Filter>
    </ClCompile>
    <ClCompile Include="source\BoundingBox.cpp">
      <Filter>Source Files\Source\Physics</Filter>
    </ClCompile>
    <ClCompile Include="Source\BasePass.cpp">
      <Filter>Source Files\Source\Rendering\Passes</Filter>
    </ClCompile>
    <ClCompile Include="Source\LightManager.cpp">
      <Filter>Source Files\Source\Rendering</Filter>
    </ClCompile>
    <ClCompile Include="Source\Framebuffer.cpp">
      <Filter>Source Files\Source\Rendering</Filter>
    </ClCompile>
    <ClCompile Include="source\ShadowPass.cpp">
      <Filter>Source Files\Source\Rendering\Passes</Filter>
    </ClCompile>
    <ClCompile Include="source\EngineDesc.cpp">
      <Filter>Source Files\Source\Core</Filter>
    </ClCompile>
    <ClCompile Include="source\GL.cpp">
      <Filter>Source Files\Source\Rendering</Filter>
    </ClCompile>
    <ClCompile Include="source\Oracle.cpp">
      <Filter>Source Files\Source\Core\Debugger</Filter>
    </ClCompile>
    <ClCompile Include="source\PhysicsManager.cpp">
      <Filter>Source Files\Source\Physics</Filter>
    </ClCompile>
  </ItemGroup>
  <ItemGroup>
    <ClInclude Include="Source\Input.h">
      <Filter>Header Files\Source</Filter>
    </ClInclude>
    <ClInclude Include="Source\stb_image.h">
      <Filter>Header Files\Source</Filter>
    </ClInclude>
    <ClInclude Include="Source\TimeManager.h">
      <Filter>Header Files\Source</Filter>
    </ClInclude>
    <ClInclude Include="Source\imconfig.h">
      <Filter>Header Files\Source\Imgui</Filter>
    </ClInclude>
    <ClInclude Include="Source\imgui.h">
      <Filter>Header Files\Source\Imgui</Filter>
    </ClInclude>
    <ClInclude Include="Source\imgui_glm.h">
      <Filter>Header Files\Source\Imgui</Filter>
    </ClInclude>
    <ClInclude Include="Source\imgui_impl_glfw.h">
      <Filter>Header Files\Source\Imgui</Filter>
    </ClInclude>
    <ClInclude Include="Source\imgui_impl_opengl3.h">
      <Filter>Header Files\Source\Imgui</Filter>
    </ClInclude>
    <ClInclude Include="Source\imgui_internal.h">
      <Filter>Header Files\Source\Imgui</Filter>
    </ClInclude>
    <ClInclude Include="Source\imgui_stdlib.h">
      <Filter>Header Files\Source\Imgui</Filter>
    </ClInclude>
    <ClInclude Include="Source\imstb_rectpack.h">
      <Filter>Header Files\Source\Imgui</Filter>
    </ClInclude>
    <ClInclude Include="Source\imstb_textedit.h">
      <Filter>Header Files\Source\Imgui</Filter>
    </ClInclude>
    <ClInclude Include="Source\imstb_truetype.h">
      <Filter>Header Files\Source\Imgui</Filter>
    </ClInclude>
    <ClInclude Include="Source\Cubemap.h">
      <Filter>Header Files\Source\Textures</Filter>
    </ClInclude>
    <ClInclude Include="Source\Sprite.h">
      <Filter>Header Files\Source\Textures</Filter>
    </ClInclude>
    <ClInclude Include="Source\SkyBox.h">
      <Filter>Header Files\Source\Textures</Filter>
    </ClInclude>
    <ClInclude Include="Source\Mesh.h">
      <Filter>Header Files\Source\Objects</Filter>
    </ClInclude>
    <ClInclude Include="Source\Camera.h">
      <Filter>Header Files\Source\Camera</Filter>
    </ClInclude>
    <ClInclude Include="Source\Gizmos.h">
      <Filter>Header Files\Source</Filter>
    </ClInclude>
    <ClInclude Include="Source\FlyCamera.h">
      <Filter>Header Files\Source\Camera</Filter>
    </ClInclude>
    <ClInclude Include="Source\Raycast.h">
      <Filter>Header Files\Source\Physics</Filter>
    </ClInclude>
    <ClInclude Include="Source\Logging.h">
      <Filter>Header Files\Source\Util</Filter>
    </ClInclude>
    <ClInclude Include="Source\Transform.h">
      <Filter>Header Files\Source</Filter>
    </ClInclude>
    <ClInclude Include="Source\Shader.h">
      <Filter>Header Files\Source\Shaders</Filter>
    </ClInclude>
    <ClInclude Include="Source\TextureManager.h">
      <Filter>Header Files\Source\Textures</Filter>
    </ClInclude>
    <ClInclude Include="Source\BaseEngine.h">
      <Filter>Header Files\Source\Core</Filter>
    </ClInclude>
    <ClInclude Include="Source\ShaderManager.h">
      <Filter>Header Files\Source\Shaders</Filter>
    </ClInclude>
    <ClInclude Include="Application.h">
      <Filter>Header Files\Example</Filter>
    </ClInclude>
    <ClInclude Include="Source\Entity.h">
      <Filter>Header Files\Source\Objects</Filter>
    </ClInclude>
    <ClInclude Include="Source\Material.h">
      <Filter>Header Files\Source\Shaders</Filter>
    </ClInclude>
    <ClInclude Include="Source\Uniform.h">
      <Filter>Header Files\Source\Shaders</Filter>
    </ClInclude>
    <ClInclude Include="Source\UniformBuffer.h">
      <Filter>Header Files\Source\Shaders</Filter>
    </ClInclude>
    <ClInclude Include="Source\PlaneCollider.h">
      <Filter>Header Files\Source\Physics\Colliders</Filter>
    </ClInclude>
    <ClInclude Include="ExampleComponent.h">
      <Filter>Header Files\Example</Filter>
    </ClInclude>
    <ClInclude Include="Source\IComponent.h">
      <Filter>Header Files\Source\Components\Base</Filter>
    </ClInclude>
    <ClInclude Include="Source\MeshRenderer.h">
      <Filter>Header Files\Source\Components</Filter>
    </ClInclude>
    <ClInclude Include="Source\EntityManager.h">
      <Filter>Header Files\Source\ECS</Filter>
    </ClInclude>
    <ClInclude Include="Source\ComponentArray.h">
      <Filter>Header Files\Source\ECS</Filter>
    </ClInclude>
    <ClInclude Include="Source\Scene.h">
      <Filter>Header Files\Source</Filter>
    </ClInclude>
    <ClInclude Include="Source\EventSystem.h">
      <Filter>Header Files</Filter>
    </ClInclude>
    <ClInclude Include="Source\DebugMovement.h">
      <Filter>Header Files\Source\Components</Filter>
    </ClInclude>
    <ClInclude Include="ExampleRaycast.h">
      <Filter>Header Files\Example</Filter>
    </ClInclude>
    <ClInclude Include="Source\ICollider.h">
      <Filter>Header Files\Source\Components\Base</Filter>
    </ClInclude>
    <ClInclude Include="Source\Common.h">
      <Filter>Header Files</Filter>
    </ClInclude>
    <ClInclude Include="Source\rapidjson\allocators.h">
      <Filter>Header Files\RapidJson</Filter>
    </ClInclude>
    <ClInclude Include="Source\rapidjson\cursorstreamwrapper.h">
      <Filter>Header Files\RapidJson</Filter>
    </ClInclude>
    <ClInclude Include="Source\rapidjson\document.h">
      <Filter>Header Files\RapidJson</Filter>
    </ClInclude>
    <ClInclude Include="Source\rapidjson\encodings.h">
      <Filter>Header Files\RapidJson</Filter>
    </ClInclude>
    <ClInclude Include="Source\rapidjson\encodedstream.h">
      <Filter>Header Files\RapidJson</Filter>
    </ClInclude>
    <ClInclude Include="Source\rapidjson\filereadstream.h">
      <Filter>Header Files\RapidJson</Filter>
    </ClInclude>
    <ClInclude Include="Source\rapidjson\filewritestream.h">
      <Filter>Header Files\RapidJson</Filter>
    </ClInclude>
    <ClInclude Include="Source\rapidjson\fwd.h">
      <Filter>Header Files\RapidJson</Filter>
    </ClInclude>
    <ClInclude Include="Source\rapidjson\istreamwrapper.h">
      <Filter>Header Files\RapidJson</Filter>
    </ClInclude>
    <ClInclude Include="Source\rapidjson\memorybuffer.h">
      <Filter>Header Files\RapidJson</Filter>
    </ClInclude>
    <ClInclude Include="Source\rapidjson\memorystream.h">
      <Filter>Header Files\RapidJson</Filter>
    </ClInclude>
    <ClInclude Include="Source\rapidjson\ostreamwrapper.h">
      <Filter>Header Files\RapidJson</Filter>
    </ClInclude>
    <ClInclude Include="Source\rapidjson\pointer.h">
      <Filter>Header Files\RapidJson</Filter>
    </ClInclude>
    <ClInclude Include="Source\rapidjson\prettywriter.h">
      <Filter>Header Files\RapidJson</Filter>
    </ClInclude>
    <ClInclude Include="Source\rapidjson\rapidjson.h">
      <Filter>Header Files\RapidJson</Filter>
    </ClInclude>
    <ClInclude Include="Source\rapidjson\reader.h">
      <Filter>Header Files\RapidJson</Filter>
    </ClInclude>
    <ClInclude Include="Source\rapidjson\schema.h">
      <Filter>Header Files\RapidJson</Filter>
    </ClInclude>
    <ClInclude Include="Source\rapidjson\stream.h">
      <Filter>Header Files\RapidJson</Filter>
    </ClInclude>
    <ClInclude Include="Source\rapidjson\stringbuffer.h">
      <Filter>Header Files\RapidJson</Filter>
    </ClInclude>
    <ClInclude Include="Source\rapidjson\uri.h">
      <Filter>Header Files\RapidJson</Filter>
    </ClInclude>
    <ClInclude Include="Source\rapidjson\writer.h">
      <Filter>Header Files\RapidJson</Filter>
    </ClInclude>
    <ClInclude Include="Source\rapidjson\msinttypes\inttypes.h">
      <Filter>Header Files\RapidJson</Filter>
    </ClInclude>
    <ClInclude Include="Source\rapidjson\msinttypes\stdint.h">
      <Filter>Header Files\RapidJson</Filter>
    </ClInclude>
    <ClInclude Include="Source\rapidjson\internal\biginteger.h">
      <Filter>Header Files\RapidJson</Filter>
    </ClInclude>
    <ClInclude Include="Source\rapidjson\internal\clzll.h">
      <Filter>Header Files\RapidJson</Filter>
    </ClInclude>
    <ClInclude Include="Source\rapidjson\internal\diyfp.h">
      <Filter>Header Files\RapidJson</Filter>
    </ClInclude>
    <ClInclude Include="Source\rapidjson\internal\dtoa.h">
      <Filter>Header Files\RapidJson</Filter>
    </ClInclude>
    <ClInclude Include="Source\rapidjson\internal\ieee754.h">
      <Filter>Header Files\RapidJson</Filter>
    </ClInclude>
    <ClInclude Include="Source\rapidjson\internal\itoa.h">
      <Filter>Header Files\RapidJson</Filter>
    </ClInclude>
    <ClInclude Include="Source\rapidjson\internal\meta.h">
      <Filter>Header Files\RapidJson</Filter>
    </ClInclude>
    <ClInclude Include="Source\rapidjson\internal\pow10.h">
      <Filter>Header Files\RapidJson</Filter>
    </ClInclude>
    <ClInclude Include="Source\rapidjson\internal\regex.h">
      <Filter>Header Files\RapidJson</Filter>
    </ClInclude>
    <ClInclude Include="Source\rapidjson\internal\stack.h">
      <Filter>Header Files\RapidJson</Filter>
    </ClInclude>
    <ClInclude Include="Source\rapidjson\internal\strfunc.h">
      <Filter>Header Files\RapidJson</Filter>
    </ClInclude>
    <ClInclude Include="Source\rapidjson\internal\strtod.h">
      <Filter>Header Files\RapidJson</Filter>
    </ClInclude>
    <ClInclude Include="Source\rapidjson\internal\swap.h">
      <Filter>Header Files\RapidJson</Filter>
    </ClInclude>
    <ClInclude Include="Source\rapidjson\error\en.h">
      <Filter>Header Files\RapidJson</Filter>
    </ClInclude>
    <ClInclude Include="Source\rapidjson\error\error.h">
      <Filter>Header Files\RapidJson</Filter>
    </ClInclude>
    <ClInclude Include="Source\Texture.h">
      <Filter>Header Files\Source\Textures</Filter>
    </ClInclude>
    <ClInclude Include="Source\Colour.h">
      <Filter>Header Files</Filter>
    </ClInclude>
    <ClInclude Include="Source\Light.h">
      <Filter>Header Files\Source\Components</Filter>
    </ClInclude>
    <ClInclude Include="source\ITexture.h">
      <Filter>Header Files\Source\Textures</Filter>
    </ClInclude>
    <ClInclude Include="source\BEGlobal.h">
      <Filter>Header Files\Source\Core</Filter>
    </ClInclude>
    <ClInclude Include="source\BuiltinShaders.h">
      <Filter>Header Files\Source\Shaders</Filter>
    </ClInclude>
    <ClInclude Include="source\MeshLoader.h">
      <Filter>Header Files\Source\Util</Filter>
    </ClInclude>
    <ClInclude Include="source\BEMath.h">
      <Filter>Header Files\Source\Util\Math</Filter>
    </ClInclude>
    <ClInclude Include="Source\File.h">
      <Filter>Header Files\Source\Util\FileSystem</Filter>
    </ClInclude>
    <ClInclude Include="Source\OBJLoader.h">
      <Filter>Header Files\Source\Util\Loaders</Filter>
    </ClInclude>
    <ClInclude Include="Source\FLVERLoader.h">
      <Filter>Header Files\Source\Util\Loaders</Filter>
    </ClInclude>
    <ClInclude Include="Source\imgui_impl_opengl3_loader.h">
      <Filter>Header Files\Source\Imgui</Filter>
    </ClInclude>
    <ClInclude Include="Source\Renderer.h">
      <Filter>Header Files\Source\Rendering</Filter>
    </ClInclude>
    <ClInclude Include="Source\Singleton.h">
      <Filter>Header Files\Source\Util</Filter>
    </ClInclude>
    <ClInclude Include="Source\RenderPass.h">
      <Filter>Header Files\Source\Rendering</Filter>
    </ClInclude>
    <ClInclude Include="Chunk.h">
      <Filter>Header Files</Filter>
    </ClInclude>
    <ClInclude Include="source\MeshData.h">
      <Filter>Header Files\Source\Objects</Filter>
    </ClInclude>
    <ClInclude Include="source\BoundingBox.h">
      <Filter>Header Files\Source\Physics</Filter>
    </ClInclude>
    <ClInclude Include="Source\BasePass.h">
      <Filter>Header Files\Source\Rendering\Passes</Filter>
    </ClInclude>
    <ClInclude Include="Source\LightManager.h">
      <Filter>Header Files\Source\Rendering</Filter>
    </ClInclude>
    <ClInclude Include="Source\Framebuffer.h">
      <Filter>Header Files\Source\Rendering</Filter>
    </ClInclude>
    <ClInclude Include="source\ShadowPass.h">
      <Filter>Header Files\Source\Rendering\Passes</Filter>
    </ClInclude>
    <ClInclude Include="source\EngineDesc.h">
      <Filter>Header Files\Source\Core</Filter>
    </ClInclude>
    <ClInclude Include="source\GL.h">
      <Filter>Header Files\Source\Rendering</Filter>
    </ClInclude>
    <ClInclude Include="source\Oracle.h">
      <Filter>Header Files\Source\Core\Debugger</Filter>
    </ClInclude>
    <ClInclude Include="source\PhysicsManager.h">
      <Filter>Header Files\Source\Physics</Filter>
    </ClInclude>
  </ItemGroup>
  <ItemGroup>
    <None Include="Source\imgui.ini">
      <Filter>Source Files\Source\Imgui</Filter>
    </None>
  </ItemGroup>
</Project>