<?xml version="1.0" encoding="utf-8"?>
<Project ToolsVersion="4.0" xmlns="http://schemas.microsoft.com/developer/msbuild/2003">
  <ItemGroup>
    <Filter Include="Source Files">
      <UniqueIdentifier>{4FC737F1-C7A5-4376-A066-2A32D752A2FF}</UniqueIdentifier>
      <Extensions>cpp;c;cc;cxx;def;odl;idl;hpj;bat;asm;asmx</Extensions>
    </Filter>
    <Filter Include="Header Files">
      <UniqueIdentifier>{93995380-89BD-4b04-88EB-625FBE52EBFB}</UniqueIdentifier>
      <Extensions>h;hh;hpp;hxx;hm;inl;inc;ipp;xsd</Extensions>
    </Filter>
    <Filter Include="Resource Files">
      <UniqueIdentifier>{67DA6AB6-F800-4c08-8B7A-83BB121AAD01}</UniqueIdentifier>
      <Extensions>rc;ico;cur;bmp;dlg;rc2;rct;bin;rgs;gif;jpg;jpeg;jpe;resx;tiff;tif;png;wav;mfcribbon-ms</Extensions>
    </Filter>
    <Filter Include="Source Files\Source">
      <UniqueIdentifier>{f66cc0d7-e66d-4ba8-8703-a0d9b281b7f7}</UniqueIdentifier>
    </Filter>
    <Filter Include="Source Files\Example">
      <UniqueIdentifier>{aedae6e3-3b30-4f53-9129-7e049092d4ba}</UniqueIdentifier>
    </Filter>
    <Filter Include="Header Files\Source">
      <UniqueIdentifier>{c238c4b0-2241-49c2-9e39-f2d90dc5780b}</UniqueIdentifier>
    </Filter>
    <Filter Include="Header Files\Example">
      <UniqueIdentifier>{6a5435a9-3b87-4eca-8862-ca9a36edd055}</UniqueIdentifier>
    </Filter>
    <Filter Include="Header Files\Source\Imgui">
      <UniqueIdentifier>{f396f59a-0f7b-4db0-b416-41b0e5cdb2cd}</UniqueIdentifier>
    </Filter>
    <Filter Include="Source Files\Source\Imgui">
      <UniqueIdentifier>{0ffc7d92-3763-422a-aa79-c2ec7b54e9b3}</UniqueIdentifier>
    </Filter>
    <Filter Include="Source Files\Source\Camera">
      <UniqueIdentifier>{e4560ee6-71a2-45cf-a33f-b0312dd514c5}</UniqueIdentifier>
    </Filter>
    <Filter Include="Header Files\Source\Camera">
      <UniqueIdentifier>{4fa370d9-cef1-42ad-a63f-0e9c91c1db8e}</UniqueIdentifier>
    </Filter>
    <Filter Include="Header Files\Source\Textures">
      <UniqueIdentifier>{bc174049-4976-4a32-a7dc-740005f132c2}</UniqueIdentifier>
    </Filter>
    <Filter Include="Source Files\Source\Textures">
      <UniqueIdentifier>{1f9fc0e9-cff6-4cf3-b5b7-5f8181656f32}</UniqueIdentifier>
    </Filter>
    <Filter Include="Header Files\Source\Objects">
      <UniqueIdentifier>{b01d85fe-c54a-4e6b-94cd-52234f8a6fe9}</UniqueIdentifier>
    </Filter>
    <Filter Include="Source Files\Source\Objects">
      <UniqueIdentifier>{efcc8eb2-16ce-4841-8194-d056553464f4}</UniqueIdentifier>
    </Filter>
    <Filter Include="Header Files\Source\Util">
      <UniqueIdentifier>{0a5222ad-cd26-4ed9-bda8-c3f24f6050e7}</UniqueIdentifier>
    </Filter>
    <Filter Include="Source Files\Source\Util">
      <UniqueIdentifier>{41c8e4bd-8db4-4299-8b9d-c11c41095c0e}</UniqueIdentifier>
    </Filter>
    <Filter Include="Header Files\Source\Phsyics">
      <UniqueIdentifier>{bdf726c5-890d-41d8-8b91-1cfaedd73f8b}</UniqueIdentifier>
    </Filter>
    <Filter Include="Source Files\Source\Physics">
      <UniqueIdentifier>{af728685-0cab-4ade-8675-61f6ad192e03}</UniqueIdentifier>
    </Filter>
    <Filter Include="Header Files\Source\Phsyics\Shapes">
      <UniqueIdentifier>{b2f499cf-2b9d-464d-a7bc-9af3179ad26d}</UniqueIdentifier>
    </Filter>
    <Filter Include="Source Files\Source\Physics\Shapes">
      <UniqueIdentifier>{ef517265-4f57-49a6-9762-ab362fec0104}</UniqueIdentifier>
    </Filter>
  </ItemGroup>
  <ItemGroup>
    <ClCompile Include="Source\imgui.cpp">
      <Filter>Source Files\Source\Imgui</Filter>
    </ClCompile>
    <ClCompile Include="Source\imgui_demo.cpp">
      <Filter>Source Files\Source\Imgui</Filter>
    </ClCompile>
    <ClCompile Include="Source\imgui_draw.cpp">
      <Filter>Source Files\Source\Imgui</Filter>
    </ClCompile>
    <ClCompile Include="Source\imgui_impl_glfw.cpp">
      <Filter>Source Files\Source\Imgui</Filter>
    </ClCompile>
    <ClCompile Include="Source\imgui_impl_opengl3.cpp">
      <Filter>Source Files\Source\Imgui</Filter>
    </ClCompile>
    <ClCompile Include="Source\imgui_stdlib.cpp">
      <Filter>Source Files\Source\Imgui</Filter>
    </ClCompile>
    <ClCompile Include="Source\imgui_widgets.cpp">
      <Filter>Source Files\Source\Imgui</Filter>
    </ClCompile>
    <ClCompile Include="Source\Cubemap.cpp">
      <Filter>Source Files\Source\Textures</Filter>
    </ClCompile>
    <ClCompile Include="Source\SkyBox.cpp">
      <Filter>Source Files\Source\Textures</Filter>
    </ClCompile>
    <ClCompile Include="Source\Sprite.cpp">
      <Filter>Source Files\Source\Textures</Filter>
    </ClCompile>
    <ClCompile Include="Source\BaseTexture.cpp">
      <Filter>Source Files\Source\Textures</Filter>
    </ClCompile>
    <ClCompile Include="Source\Engine.cpp">
      <Filter>Source Files\Source</Filter>
    </ClCompile>
    <ClCompile Include="Source\Framebuffer.cpp">
      <Filter>Source Files\Source</Filter>
    </ClCompile>
    <ClCompile Include="Source\glad.c">
      <Filter>Source Files\Source</Filter>
    </ClCompile>
    <ClCompile Include="Source\Input.cpp">
      <Filter>Source Files\Source</Filter>
    </ClCompile>
    <ClCompile Include="Source\PostProcess.cpp">
      <Filter>Source Files\Source</Filter>
    </ClCompile>
    <ClCompile Include="Source\Shader.cpp">
      <Filter>Source Files\Source</Filter>
    </ClCompile>
    <ClCompile Include="Source\ShaderManager.cpp">
      <Filter>Source Files\Source</Filter>
    </ClCompile>
    <ClCompile Include="Source\Time.cpp">
      <Filter>Source Files\Source</Filter>
    </ClCompile>
    <ClCompile Include="Source\tiny_obj_loader.cc">
      <Filter>Source Files\Source</Filter>
    </ClCompile>
    <ClCompile Include="Source\Transform.cpp">
      <Filter>Source Files\Source</Filter>
    </ClCompile>
    <ClCompile Include="main.cpp">
      <Filter>Source Files</Filter>
    </ClCompile>
    <ClCompile Include="Application.cpp">
      <Filter>Source Files</Filter>
    </ClCompile>
    <ClCompile Include="Source\Mesh.cpp">
      <Filter>Source Files\Source\Objects</Filter>
    </ClCompile>
    <ClCompile Include="Source\Object3D.cpp">
      <Filter>Source Files\Source\Objects</Filter>
    </ClCompile>
    <ClCompile Include="Source\Camera.cpp">
      <Filter>Source Files\Source\Camera</Filter>
    </ClCompile>
    <ClCompile Include="Source\Loader.cpp">
      <Filter>Source Files\Source\Util</Filter>
    </ClCompile>
    <ClCompile Include="Source\RayCast.cpp">
      <Filter>Source Files\Source\Physics</Filter>
    </ClCompile>
    <ClCompile Include="Source\Gizmos.cpp">
      <Filter>Source Files\Source</Filter>
    </ClCompile>
    <ClCompile Include="Source\AABB.cpp">
      <Filter>Source Files\Source\Physics\Shapes</Filter>
    </ClCompile>
    <ClCompile Include="Source\Plane.cpp">
      <Filter>Source Files\Source\Physics\Shapes</Filter>
    </ClCompile>
    <ClCompile Include="Source\FlyCamera.cpp">
      <Filter>Source Files\Source\Camera</Filter>
    </ClCompile>
  </ItemGroup>
  <ItemGroup>
    <ClInclude Include="Source\Engine.h">
      <Filter>Header Files\Source</Filter>
    </ClInclude>
    <ClInclude Include="Source\Framebuffer.h">
      <Filter>Header Files\Source</Filter>
    </ClInclude>
    <ClInclude Include="Source\Input.h">
      <Filter>Header Files\Source</Filter>
    </ClInclude>
    <ClInclude Include="Source\PostProcess.h">
      <Filter>Header Files\Source</Filter>
    </ClInclude>
    <ClInclude Include="Source\Shader.h">
      <Filter>Header Files\Source</Filter>
    </ClInclude>
    <ClInclude Include="Source\ShaderManager.h">
      <Filter>Header Files\Source</Filter>
    </ClInclude>
    <ClInclude Include="Source\stb_image.h">
      <Filter>Header Files\Source</Filter>
    </ClInclude>
    <ClInclude Include="Source\Time.h">
      <Filter>Header Files\Source</Filter>
    </ClInclude>
    <ClInclude Include="Source\tiny_obj_loader.h">
      <Filter>Header Files\Source</Filter>
    </ClInclude>
    <ClInclude Include="Source\Transform.h">
      <Filter>Header Files\Source</Filter>
    </ClInclude>
    <ClInclude Include="Source\imconfig.h">
      <Filter>Header Files\Source\Imgui</Filter>
    </ClInclude>
    <ClInclude Include="Source\imgui.h">
      <Filter>Header Files\Source\Imgui</Filter>
    </ClInclude>
    <ClInclude Include="Source\imgui_glm.h">
      <Filter>Header Files\Source\Imgui</Filter>
    </ClInclude>
    <ClInclude Include="Source\imgui_impl_glfw.h">
      <Filter>Header Files\Source\Imgui</Filter>
    </ClInclude>
    <ClInclude Include="Source\imgui_impl_opengl3.h">
      <Filter>Header Files\Source\Imgui</Filter>
    </ClInclude>
    <ClInclude Include="Source\imgui_internal.h">
      <Filter>Header Files\Source\Imgui</Filter>
    </ClInclude>
    <ClInclude Include="Source\imgui_stdlib.h">
      <Filter>Header Files\Source\Imgui</Filter>
    </ClInclude>
    <ClInclude Include="Source\imstb_rectpack.h">
      <Filter>Header Files\Source\Imgui</Filter>
    </ClInclude>
    <ClInclude Include="Source\imstb_textedit.h">
      <Filter>Header Files\Source\Imgui</Filter>
    </ClInclude>
    <ClInclude Include="Source\imstb_truetype.h">
      <Filter>Header Files\Source\Imgui</Filter>
    </ClInclude>
    <ClInclude Include="Source\BaseTexture.h">
      <Filter>Header Files\Source\Textures</Filter>
    </ClInclude>
    <ClInclude Include="Source\Cubemap.h">
      <Filter>Header Files\Source\Textures</Filter>
    </ClInclude>
    <ClInclude Include="Source\Sprite.h">
      <Filter>Header Files\Source\Textures</Filter>
    </ClInclude>
    <ClInclude Include="Source\SkyBox.h">
      <Filter>Header Files\Source\Textures</Filter>
    </ClInclude>
    <ClInclude Include="Application.h">
      <Filter>Header Files</Filter>
    </ClInclude>
    <ClInclude Include="Source\Mesh.h">
      <Filter>Header Files\Source\Objects</Filter>
    </ClInclude>
    <ClInclude Include="Source\Object3D.h">
      <Filter>Header Files\Source\Objects</Filter>
    </ClInclude>
    <ClInclude Include="Source\Camera.h">
      <Filter>Header Files\Source\Camera</Filter>
    </ClInclude>
    <ClInclude Include="Source\Loader.h">
      <Filter>Header Files\Source\Util</Filter>
    </ClInclude>
    <ClInclude Include="Source\RayCast.h">
      <Filter>Header Files\Source\Phsyics</Filter>
    </ClInclude>
    <ClInclude Include="Source\Gizmos.h">
      <Filter>Header Files\Source</Filter>
    </ClInclude>
    <ClInclude Include="Source\AABB.h">
      <Filter>Header Files\Source\Phsyics\Shapes</Filter>
    </ClInclude>
    <ClInclude Include="Source\Plane.h">
      <Filter>Header Files\Source\Phsyics\Shapes</Filter>
    </ClInclude>
    <ClInclude Include="Source\FlyCamera.h">
      <Filter>Header Files\Source\Camera</Filter>
    </ClInclude>
  </ItemGroup>
  <ItemGroup>
    <None Include="Source\imgui.ini">
      <Filter>Source Files\Source\Imgui</Filter>
    </None>
  </ItemGroup>
</Project>